// !$*UTF8*$!
{
	archiveVersion = 1;
	classes = {
	};
	objectVersion = 50;
	objects = {

/* Begin PBXBuildFile section */
		70F2D56F23A4EB2300CBCDF4 /* AppDelegate.swift in Sources */ = {isa = PBXBuildFile; fileRef = 70F2D56E23A4EB2300CBCDF4 /* AppDelegate.swift */; };
		70F2D57623A4EB2300CBCDF4 /* Main.storyboard in Resources */ = {isa = PBXBuildFile; fileRef = 70F2D57423A4EB2300CBCDF4 /* Main.storyboard */; };
		70F2D57823A4EB2A00CBCDF4 /* Assets.xcassets in Resources */ = {isa = PBXBuildFile; fileRef = 70F2D57723A4EB2A00CBCDF4 /* Assets.xcassets */; };
		70F2D58723A4F13200CBCDF4 /* SceneDelegate.swift in Sources */ = {isa = PBXBuildFile; fileRef = 70F2D58623A4F13200CBCDF4 /* SceneDelegate.swift */; };
		70F2D58923A4F24000CBCDF4 /* LaunchScreen.storyboard in Resources */ = {isa = PBXBuildFile; fileRef = 70F2D58823A4F24000CBCDF4 /* LaunchScreen.storyboard */; };
		70F2D58C23A53AAB00CBCDF4 /* NetworkManager.swift in Sources */ = {isa = PBXBuildFile; fileRef = 70F2D58B23A53AAB00CBCDF4 /* NetworkManager.swift */; };
		70F2D58E23A53B7900CBCDF4 /* PostModel.swift in Sources */ = {isa = PBXBuildFile; fileRef = 70F2D58D23A53B7900CBCDF4 /* PostModel.swift */; };
		70F2D59023A542CC00CBCDF4 /* RequestHelper.swift in Sources */ = {isa = PBXBuildFile; fileRef = 70F2D58F23A542CC00CBCDF4 /* RequestHelper.swift */; };
		70F2D59223A5568E00CBCDF4 /* MostViralPostsViewController.swift in Sources */ = {isa = PBXBuildFile; fileRef = 70F2D59123A5568E00CBCDF4 /* MostViralPostsViewController.swift */; };
		70F2D59423A559ED00CBCDF4 /* MostViralPostViewModel.swift in Sources */ = {isa = PBXBuildFile; fileRef = 70F2D59323A559ED00CBCDF4 /* MostViralPostViewModel.swift */; };
/* End PBXBuildFile section */

/* Begin PBXFileReference section */
		70F2D56B23A4EB2300CBCDF4 /* Memeful.app */ = {isa = PBXFileReference; explicitFileType = wrapper.application; includeInIndex = 0; path = Memeful.app; sourceTree = BUILT_PRODUCTS_DIR; };
		70F2D56E23A4EB2300CBCDF4 /* AppDelegate.swift */ = {isa = PBXFileReference; lastKnownFileType = sourcecode.swift; path = AppDelegate.swift; sourceTree = "<group>"; };
		70F2D57523A4EB2300CBCDF4 /* Base */ = {isa = PBXFileReference; lastKnownFileType = file.storyboard; name = Base; path = Base.lproj/Main.storyboard; sourceTree = "<group>"; };
		70F2D57723A4EB2A00CBCDF4 /* Assets.xcassets */ = {isa = PBXFileReference; lastKnownFileType = folder.assetcatalog; path = Assets.xcassets; sourceTree = "<group>"; };
		70F2D57C23A4EB2A00CBCDF4 /* Info.plist */ = {isa = PBXFileReference; lastKnownFileType = text.plist.xml; path = Info.plist; sourceTree = "<group>"; };
		70F2D58623A4F13200CBCDF4 /* SceneDelegate.swift */ = {isa = PBXFileReference; fileEncoding = 4; lastKnownFileType = sourcecode.swift; path = SceneDelegate.swift; sourceTree = "<group>"; };
		70F2D58823A4F24000CBCDF4 /* LaunchScreen.storyboard */ = {isa = PBXFileReference; fileEncoding = 4; lastKnownFileType = file.storyboard; path = LaunchScreen.storyboard; sourceTree = "<group>"; };
		70F2D58A23A530BA00CBCDF4 /* Debug.xcconfig */ = {isa = PBXFileReference; lastKnownFileType = text.xcconfig; path = Debug.xcconfig; sourceTree = "<group>"; };
		70F2D58B23A53AAB00CBCDF4 /* NetworkManager.swift */ = {isa = PBXFileReference; lastKnownFileType = sourcecode.swift; path = NetworkManager.swift; sourceTree = "<group>"; };
		70F2D58D23A53B7900CBCDF4 /* PostModel.swift */ = {isa = PBXFileReference; lastKnownFileType = sourcecode.swift; path = PostModel.swift; sourceTree = "<group>"; };
		70F2D58F23A542CC00CBCDF4 /* RequestHelper.swift */ = {isa = PBXFileReference; lastKnownFileType = sourcecode.swift; path = RequestHelper.swift; sourceTree = "<group>"; };
		70F2D59123A5568E00CBCDF4 /* MostViralPostsViewController.swift */ = {isa = PBXFileReference; lastKnownFileType = sourcecode.swift; path = MostViralPostsViewController.swift; sourceTree = "<group>"; };
		70F2D59323A559ED00CBCDF4 /* MostViralPostViewModel.swift */ = {isa = PBXFileReference; lastKnownFileType = sourcecode.swift; path = MostViralPostViewModel.swift; sourceTree = "<group>"; };
/* End PBXFileReference section */

/* Begin PBXFrameworksBuildPhase section */
		70F2D56823A4EB2300CBCDF4 /* Frameworks */ = {
			isa = PBXFrameworksBuildPhase;
			buildActionMask = 2147483647;
			files = (
			);
			runOnlyForDeploymentPostprocessing = 0;
		};
/* End PBXFrameworksBuildPhase section */

/* Begin PBXGroup section */
		70F2D56223A4EB2300CBCDF4 = {
			isa = PBXGroup;
			children = (
				70F2D56D23A4EB2300CBCDF4 /* Memeful */,
				70F2D56C23A4EB2300CBCDF4 /* Products */,
			);
			sourceTree = "<group>";
		};
		70F2D56C23A4EB2300CBCDF4 /* Products */ = {
			isa = PBXGroup;
			children = (
				70F2D56B23A4EB2300CBCDF4 /* Memeful.app */,
			);
			name = Products;
			sourceTree = "<group>";
		};
		70F2D56D23A4EB2300CBCDF4 /* Memeful */ = {
			isa = PBXGroup;
			children = (
				70F2D56E23A4EB2300CBCDF4 /* AppDelegate.swift */,
				70F2D58623A4F13200CBCDF4 /* SceneDelegate.swift */,
				70F2D59123A5568E00CBCDF4 /* MostViralPostsViewController.swift */,
				70F2D57423A4EB2300CBCDF4 /* Main.storyboard */,
				70F2D58823A4F24000CBCDF4 /* LaunchScreen.storyboard */,
				70F2D57723A4EB2A00CBCDF4 /* Assets.xcassets */,
				70F2D57C23A4EB2A00CBCDF4 /* Info.plist */,
				70F2D58A23A530BA00CBCDF4 /* Debug.xcconfig */,
				70F2D58B23A53AAB00CBCDF4 /* NetworkManager.swift */,
				70F2D58D23A53B7900CBCDF4 /* PostModel.swift */,
				70F2D58F23A542CC00CBCDF4 /* RequestHelper.swift */,
				70F2D59323A559ED00CBCDF4 /* MostViralPostViewModel.swift */,
			);
			path = Memeful;
			sourceTree = "<group>";
		};
/* End PBXGroup section */

/* Begin PBXNativeTarget section */
		70F2D56A23A4EB2300CBCDF4 /* Memeful */ = {
			isa = PBXNativeTarget;
			buildConfigurationList = 70F2D57F23A4EB2A00CBCDF4 /* Build configuration list for PBXNativeTarget "Memeful" */;
			buildPhases = (
				70F2D56723A4EB2300CBCDF4 /* Sources */,
				70F2D56823A4EB2300CBCDF4 /* Frameworks */,
				70F2D56923A4EB2300CBCDF4 /* Resources */,
			);
			buildRules = (
			);
			dependencies = (
			);
			name = Memeful;
			productName = Memeful;
			productReference = 70F2D56B23A4EB2300CBCDF4 /* Memeful.app */;
			productType = "com.apple.product-type.application";
		};
/* End PBXNativeTarget section */

/* Begin PBXProject section */
		70F2D56323A4EB2300CBCDF4 /* Project object */ = {
			isa = PBXProject;
			attributes = {
				LastSwiftUpdateCheck = 1110;
				LastUpgradeCheck = 1110;
				ORGANIZATIONNAME = "Koushik Dutta";
				TargetAttributes = {
					70F2D56A23A4EB2300CBCDF4 = {
						CreatedOnToolsVersion = 11.1;
					};
				};
			};
			buildConfigurationList = 70F2D56623A4EB2300CBCDF4 /* Build configuration list for PBXProject "Memeful" */;
			compatibilityVersion = "Xcode 9.3";
			developmentRegion = en;
			hasScannedForEncodings = 0;
			knownRegions = (
				en,
				Base,
			);
			mainGroup = 70F2D56223A4EB2300CBCDF4;
			productRefGroup = 70F2D56C23A4EB2300CBCDF4 /* Products */;
			projectDirPath = "";
			projectRoot = "";
			targets = (
				70F2D56A23A4EB2300CBCDF4 /* Memeful */,
			);
		};
/* End PBXProject section */

/* Begin PBXResourcesBuildPhase section */
		70F2D56923A4EB2300CBCDF4 /* Resources */ = {
			isa = PBXResourcesBuildPhase;
			buildActionMask = 2147483647;
			files = (
				70F2D58923A4F24000CBCDF4 /* LaunchScreen.storyboard in Resources */,
				70F2D57823A4EB2A00CBCDF4 /* Assets.xcassets in Resources */,
				70F2D57623A4EB2300CBCDF4 /* Main.storyboard in Resources */,
			);
			runOnlyForDeploymentPostprocessing = 0;
		};
/* End PBXResourcesBuildPhase section */

/* Begin PBXSourcesBuildPhase section */
		70F2D56723A4EB2300CBCDF4 /* Sources */ = {
			isa = PBXSourcesBuildPhase;
			buildActionMask = 2147483647;
			files = (
				70F2D58C23A53AAB00CBCDF4 /* NetworkManager.swift in Sources */,
				70F2D58E23A53B7900CBCDF4 /* PostModel.swift in Sources */,
				70F2D59423A559ED00CBCDF4 /* MostViralPostViewModel.swift in Sources */,
				70F2D59023A542CC00CBCDF4 /* RequestHelper.swift in Sources */,
				70F2D59223A5568E00CBCDF4 /* MostViralPostsViewController.swift in Sources */,
				70F2D56F23A4EB2300CBCDF4 /* AppDelegate.swift in Sources */,
				70F2D58723A4F13200CBCDF4 /* SceneDelegate.swift in Sources */,
			);
			runOnlyForDeploymentPostprocessing = 0;
		};
/* End PBXSourcesBuildPhase section */

/* Begin PBXVariantGroup section */
		70F2D57423A4EB2300CBCDF4 /* Main.storyboard */ = {
			isa = PBXVariantGroup;
			children = (
				70F2D57523A4EB2300CBCDF4 /* Base */,
			);
			name = Main.storyboard;
			sourceTree = "<group>";
		};
/* End PBXVariantGroup section */

/* Begin XCBuildConfiguration section */
		70F2D57D23A4EB2A00CBCDF4 /* Debug */ = {
			isa = XCBuildConfiguration;
			baseConfigurationReference = 70F2D58A23A530BA00CBCDF4 /* Debug.xcconfig */;
			buildSettings = {
				ALWAYS_SEARCH_USER_PATHS = NO;
				CLANG_ANALYZER_NONNULL = YES;
				CLANG_ANALYZER_NUMBER_OBJECT_CONVERSION = YES_AGGRESSIVE;
				CLANG_CXX_LANGUAGE_STANDARD = "gnu++14";
				CLANG_CXX_LIBRARY = "libc++";
				CLANG_ENABLE_MODULES = YES;
				CLANG_ENABLE_OBJC_ARC = YES;
				CLANG_ENABLE_OBJC_WEAK = YES;
				CLANG_WARN_BLOCK_CAPTURE_AUTORELEASING = YES;
				CLANG_WARN_BOOL_CONVERSION = YES;
				CLANG_WARN_COMMA = YES;
				CLANG_WARN_CONSTANT_CONVERSION = YES;
				CLANG_WARN_DEPRECATED_OBJC_IMPLEMENTATIONS = YES;
				CLANG_WARN_DIRECT_OBJC_ISA_USAGE = YES_ERROR;
				CLANG_WARN_DOCUMENTATION_COMMENTS = YES;
				CLANG_WARN_EMPTY_BODY = YES;
				CLANG_WARN_ENUM_CONVERSION = YES;
				CLANG_WARN_INFINITE_RECURSION = YES;
				CLANG_WARN_INT_CONVERSION = YES;
				CLANG_WARN_NON_LITERAL_NULL_CONVERSION = YES;
				CLANG_WARN_OBJC_IMPLICIT_RETAIN_SELF = YES;
				CLANG_WARN_OBJC_LITERAL_CONVERSION = YES;
				CLANG_WARN_OBJC_ROOT_CLASS = YES_ERROR;
				CLANG_WARN_RANGE_LOOP_ANALYSIS = YES;
				CLANG_WARN_STRICT_PROTOTYPES = YES;
				CLANG_WARN_SUSPICIOUS_MOVE = YES;
				CLANG_WARN_UNGUARDED_AVAILABILITY = YES_AGGRESSIVE;
				CLANG_WARN_UNREACHABLE_CODE = YES;
				CLANG_WARN__DUPLICATE_METHOD_MATCH = YES;
				COPY_PHASE_STRIP = NO;
				DEBUG_INFORMATION_FORMAT = dwarf;
				ENABLE_STRICT_OBJC_MSGSEND = YES;
				ENABLE_TESTABILITY = YES;
				GCC_C_LANGUAGE_STANDARD = gnu11;
				GCC_DYNAMIC_NO_PIC = NO;
				GCC_NO_COMMON_BLOCKS = YES;
				GCC_OPTIMIZATION_LEVEL = 0;
				GCC_PREPROCESSOR_DEFINITIONS = (
					"DEBUG=1",
					"$(inherited)",
				);
				GCC_WARN_64_TO_32_BIT_CONVERSION = YES;
				GCC_WARN_ABOUT_RETURN_TYPE = YES_ERROR;
				GCC_WARN_UNDECLARED_SELECTOR = YES;
				GCC_WARN_UNINITIALIZED_AUTOS = YES_AGGRESSIVE;
				GCC_WARN_UNUSED_FUNCTION = YES;
				GCC_WARN_UNUSED_VARIABLE = YES;
				IPHONEOS_DEPLOYMENT_TARGET = 13.1;
				MTL_ENABLE_DEBUG_INFO = INCLUDE_SOURCE;
				MTL_FAST_MATH = YES;
				ONLY_ACTIVE_ARCH = YES;
				SDKROOT = iphoneos;
				SWIFT_ACTIVE_COMPILATION_CONDITIONS = DEBUG;
				SWIFT_OPTIMIZATION_LEVEL = "-Onone";
			};
			name = Debug;
		};
		70F2D57E23A4EB2A00CBCDF4 /* Release */ = {
			isa = XCBuildConfiguration;
			buildSettings = {
				ALWAYS_SEARCH_USER_PATHS = NO;
				CLANG_ANALYZER_NONNULL = YES;
				CLANG_ANALYZER_NUMBER_OBJECT_CONVERSION = YES_AGGRESSIVE;
				CLANG_CXX_LANGUAGE_STANDARD = "gnu++14";
				CLANG_CXX_LIBRARY = "libc++";
				CLANG_ENABLE_MODULES = YES;
				CLANG_ENABLE_OBJC_ARC = YES;
				CLANG_ENABLE_OBJC_WEAK = YES;
				CLANG_WARN_BLOCK_CAPTURE_AUTORELEASING = YES;
				CLANG_WARN_BOOL_CONVERSION = YES;
				CLANG_WARN_COMMA = YES;
				CLANG_WARN_CONSTANT_CONVERSION = YES;
				CLANG_WARN_DEPRECATED_OBJC_IMPLEMENTATIONS = YES;
				CLANG_WARN_DIRECT_OBJC_ISA_USAGE = YES_ERROR;
				CLANG_WARN_DOCUMENTATION_COMMENTS = YES;
				CLANG_WARN_EMPTY_BODY = YES;
				CLANG_WARN_ENUM_CONVERSION = YES;
				CLANG_WARN_INFINITE_RECURSION = YES;
				CLANG_WARN_INT_CONVERSION = YES;
				CLANG_WARN_NON_LITERAL_NULL_CONVERSION = YES;
				CLANG_WARN_OBJC_IMPLICIT_RETAIN_SELF = YES;
				CLANG_WARN_OBJC_LITERAL_CONVERSION = YES;
				CLANG_WARN_OBJC_ROOT_CLASS = YES_ERROR;
				CLANG_WARN_RANGE_LOOP_ANALYSIS = YES;
				CLANG_WARN_STRICT_PROTOTYPES = YES;
				CLANG_WARN_SUSPICIOUS_MOVE = YES;
				CLANG_WARN_UNGUARDED_AVAILABILITY = YES_AGGRESSIVE;
				CLANG_WARN_UNREACHABLE_CODE = YES;
				CLANG_WARN__DUPLICATE_METHOD_MATCH = YES;
				COPY_PHASE_STRIP = NO;
				DEBUG_INFORMATION_FORMAT = "dwarf-with-dsym";
				ENABLE_NS_ASSERTIONS = NO;
				ENABLE_STRICT_OBJC_MSGSEND = YES;
				GCC_C_LANGUAGE_STANDARD = gnu11;
				GCC_NO_COMMON_BLOCKS = YES;
				GCC_WARN_64_TO_32_BIT_CONVERSION = YES;
				GCC_WARN_ABOUT_RETURN_TYPE = YES_ERROR;
				GCC_WARN_UNDECLARED_SELECTOR = YES;
				GCC_WARN_UNINITIALIZED_AUTOS = YES_AGGRESSIVE;
				GCC_WARN_UNUSED_FUNCTION = YES;
				GCC_WARN_UNUSED_VARIABLE = YES;
				IPHONEOS_DEPLOYMENT_TARGET = 13.1;
				MTL_ENABLE_DEBUG_INFO = NO;
				MTL_FAST_MATH = YES;
				SDKROOT = iphoneos;
				SWIFT_COMPILATION_MODE = wholemodule;
				SWIFT_OPTIMIZATION_LEVEL = "-O";
				VALIDATE_PRODUCT = YES;
			};
			name = Release;
		};
		70F2D58023A4EB2A00CBCDF4 /* Debug */ = {
			isa = XCBuildConfiguration;
			baseConfigurationReference = 70F2D58A23A530BA00CBCDF4 /* Debug.xcconfig */;
			buildSettings = {
				ASSETCATALOG_COMPILER_APPICON_NAME = AppIcon;
				CODE_SIGN_STYLE = Automatic;
				INFOPLIST_FILE = Memeful/Info.plist;
				LD_RUNPATH_SEARCH_PATHS = (
					"$(inherited)",
					"@executable_path/Frameworks",
				);
				PRODUCT_BUNDLE_IDENTIFIER = com.koushik.Memeful;
				PRODUCT_NAME = "$(TARGET_NAME)";
				SWIFT_VERSION = 5.0;
				TARGETED_DEVICE_FAMILY = "1,2";
			};
			name = Debug;
		};
		70F2D58123A4EB2A00CBCDF4 /* Release */ = {
			isa = XCBuildConfiguration;
			buildSettings = {
				ASSETCATALOG_COMPILER_APPICON_NAME = AppIcon;
				CODE_SIGN_STYLE = Automatic;
				INFOPLIST_FILE = Memeful/Info.plist;
				LD_RUNPATH_SEARCH_PATHS = (
					"$(inherited)",
					"@executable_path/Frameworks",
				);
				PRODUCT_BUNDLE_IDENTIFIER = com.koushik.Memeful;
				PRODUCT_NAME = "$(TARGET_NAME)";
				SWIFT_VERSION = 5.0;
				TARGETED_DEVICE_FAMILY = "1,2";
			};
			name = Release;
		};
/* End XCBuildConfiguration section */

/* Begin XCConfigurationList section */
		70F2D56623A4EB2300CBCDF4 /* Build configuration list for PBXProject "Memeful" */ = {
			isa = XCConfigurationList;
			buildConfigurations = (
				70F2D57D23A4EB2A00CBCDF4 /* Debug */,
				70F2D57E23A4EB2A00CBCDF4 /* Release */,
			);
			defaultConfigurationIsVisible = 0;
			defaultConfigurationName = Release;
		};
		70F2D57F23A4EB2A00CBCDF4 /* Build configuration list for PBXNativeTarget "Memeful" */ = {
			isa = XCConfigurationList;
			buildConfigurations = (
				70F2D58023A4EB2A00CBCDF4 /* Debug */,
				70F2D58123A4EB2A00CBCDF4 /* Release */,
			);
			defaultConfigurationIsVisible = 0;
			defaultConfigurationName = Release;
		};
/* End XCConfigurationList section */
	};
	rootObject = 70F2D56323A4EB2300CBCDF4 /* Project object */;
}
